PODS:
  - MoolaLib (0.1.1)
  - RNCryptor-objc (3.0.5)

DEPENDENCIES:
  - MoolaLib (from `../`)
  - RNCryptor-objc (~> 3.0)

EXTERNAL SOURCES:
  MoolaLib:
    :path: ../

SPEC CHECKSUMS:
  MoolaLib: 100f2b3072adb6b92c34420b4434775f36b2ec6f
  RNCryptor-objc: a65b15493de05dda4af0f392c70372b7a5625aab

PODFILE CHECKSUM: 0c2ebe8fbcdf41e996f2044b2b5348a3d73e2df5

COCOAPODS: 1.2.1
